
Microsoft Visual Studio Solution File, Format Version 11.00
# Visual Studio 2010
Project("{8BC9CEB8-8B4A-11D0-8D11-00A0C91BC942}") = "CudaNet", "CudaNet.vcxproj", "{E5AC8B42-43B9-47A2-A84E-7E3906F13B89}"
EndProject
Project("{FAE04EC0-301F-11D3-BF4B-00C04F79EFBC}") = "managedCuda", "..\managedCuda\managedCuda.csproj", "{45791D27-271D-44A3-A471-FF2B448E042A}"
EndProject
Global
	GlobalSection(SolutionConfigurationPlatforms) = preSolution
		Debug|Mixed Platforms = Debug|Mixed Platforms
		Debug|Win32 = Debug|Win32
		Debug|x86 = Debug|x86
		Release|Mixed Platforms = Release|Mixed Platforms
		Release|Win32 = Release|Win32
		Release|x86 = Release|x86
	EndGlobalSection
	GlobalSection(ProjectConfigurationPlatforms) = postSolution
		{E5AC8B42-43B9-47A2-A84E-7E3906F13B89}.Debug|Mixed Platforms.ActiveCfg = Debug|Win32
		{E5AC8B42-43B9-47A2-A84E-7E3906F13B89}.Debug|Mixed Platforms.Build.0 = Debug|Win32
		{E5AC8B42-43B9-47A2-A84E-7E3906F13B89}.Debug|Win32.ActiveCfg = Debug|Win32
		{E5AC8B42-43B9-47A2-A84E-7E3906F13B89}.Debug|Win32.Build.0 = Debug|Win32
		{E5AC8B42-43B9-47A2-A84E-7E3906F13B89}.Debug|x86.ActiveCfg = Debug|Win32
		{E5AC8B42-43B9-47A2-A84E-7E3906F13B89}.Release|Mixed Platforms.ActiveCfg = Release|Win32
		{E5AC8B42-43B9-47A2-A84E-7E3906F13B89}.Release|Mixed Platforms.Build.0 = Release|Win32
		{E5AC8B42-43B9-47A2-A84E-7E3906F13B89}.Release|Win32.ActiveCfg = Release|Win32
		{E5AC8B42-43B9-47A2-A84E-7E3906F13B89}.Release|Win32.Build.0 = Release|Win32
		{E5AC8B42-43B9-47A2-A84E-7E3906F13B89}.Release|x86.ActiveCfg = Release|Win32
		{45791D27-271D-44A3-A471-FF2B448E042A}.Debug|Mixed Platforms.ActiveCfg = Debug|x86
		{45791D27-271D-44A3-A471-FF2B448E042A}.Debug|Mixed Platforms.Build.0 = Debug|x86
		{45791D27-271D-44A3-A471-FF2B448E042A}.Debug|Win32.ActiveCfg = Debug|x86
		{45791D27-271D-44A3-A471-FF2B448E042A}.Debug|x86.ActiveCfg = Debug|x86
		{45791D27-271D-44A3-A471-FF2B448E042A}.Debug|x86.Build.0 = Debug|x86
		{45791D27-271D-44A3-A471-FF2B448E042A}.Release|Mixed Platforms.ActiveCfg = Release|x86
		{45791D27-271D-44A3-A471-FF2B448E042A}.Release|Mixed Platforms.Build.0 = Release|x86
		{45791D27-271D-44A3-A471-FF2B448E042A}.Release|Win32.ActiveCfg = Release|x86
		{45791D27-271D-44A3-A471-FF2B448E042A}.Release|x86.ActiveCfg = Release|x86
		{45791D27-271D-44A3-A471-FF2B448E042A}.Release|x86.Build.0 = Release|x86
	EndGlobalSection
	GlobalSection(SolutionProperties) = preSolution
		HideSolutionNode = FALSE
	EndGlobalSection
EndGlobal
